<?xml version="1.0" encoding="utf-8"?>
<Project ToolsVersion="4.0" xmlns="http://schemas.microsoft.com/developer/msbuild/2003">
  <ItemGroup>
    <Filter Include="Source Files">
      <UniqueIdentifier>{4FC737F1-C7A5-4376-A066-2A32D752A2FF}</UniqueIdentifier>
      <Extensions>cpp;c;cc;cxx;def;odl;idl;hpj;bat;asm;asmx</Extensions>
    </Filter>
    <Filter Include="Header Files">
      <UniqueIdentifier>{93995380-89BD-4b04-88EB-625FBE52EBFB}</UniqueIdentifier>
      <Extensions>h;hpp;hxx;hm;inl;inc;xsd</Extensions>
    </Filter>
    <Filter Include="Resource Files">
      <UniqueIdentifier>{67DA6AB6-F800-4c08-8B7A-83BB121AAD01}</UniqueIdentifier>
      <Extensions>rc;ico;cur;bmp;dlg;rc2;rct;bin;rgs;gif;jpg;jpeg;jpe;resx;tiff;tif;png;wav</Extensions>
    </Filter>
  </ItemGroup>
  <ItemGroup>
    <ClCompile Include="BVHAboutBox.cpp">
      <Filter>Source Files</Filter>
    </ClCompile>
    <ClCompile Include="BVHFile.cpp">
      <Filter>Source Files</Filter>
    </ClCompile>
    <ClCompile Include="BVHFrameRateDialog.cpp">
      <Filter>Source Files</Filter>
    </ClCompile>
    <ClCompile Include="BVHLPFilter.cpp">
      <Filter>Source Files</Filter>
    </ClCompile>
    <ClCompile Include="BVHQuaterniser.cpp">
      <Filter>Source Files</Filter>
    </ClCompile>
    <ClCompile Include="BVHRegistrySettings.cpp">
      <Filter>Source Files</Filter>
    </ClCompile>
    <ClCompile Include="BVHTreeCtrl.cpp">
      <Filter>Source Files</Filter>
    </ClCompile>
    <ClCompile Include="bvhTweak.cpp">
      <Filter>Source Files</Filter>
    </ClCompile>
    <ClCompile Include="bvhTweakDlg.cpp">
      <Filter>Source Files</Filter>
    </ClCompile>
    <ClCompile Include="BVHTweaker.cpp">
      <Filter>Source Files</Filter>
    </ClCompile>
    <ClCompile Include="NewJointDlg.cpp">
      <Filter>Source Files</Filter>
    </ClCompile>
    <ClCompile Include="NiceSlider.cpp">
      <Filter>Source Files</Filter>
    </ClCompile>
    <ClCompile Include="OpenGLControl.cpp">
      <Filter>Source Files</Filter>
    </ClCompile>
    <ClCompile Include="QCFile.cpp">
      <Filter>Source Files</Filter>
    </ClCompile>
    <ClCompile Include="stdafx.cpp">
      <Filter>Source Files</Filter>
    </ClCompile>
    <ClCompile Include="vmath.cpp">
      <Filter>Source Files</Filter>
    </ClCompile>
    <ClCompile Include="BVHFileDialog.cpp">
      <Filter>Source Files</Filter>
    </ClCompile>
    <ClCompile Include="BVHOptions.cpp">
      <Filter>Source Files</Filter>
    </ClCompile>
  </ItemGroup>
  <ItemGroup>
    <ClInclude Include="BVHAboutBox.h">
      <Filter>Header Files</Filter>
    </ClInclude>
    <ClInclude Include="BVHFile.h">
      <Filter>Header Files</Filter>
    </ClInclude>
    <ClInclude Include="BVHFrameRateDialog.h">
      <Filter>Header Files</Filter>
    </ClInclude>
    <ClInclude Include="BVHLPFilter.h">
      <Filter>Header Files</Filter>
    </ClInclude>
    <ClInclude Include="BVHQuaterniser.h">
      <Filter>Header Files</Filter>
    </ClInclude>
    <ClInclude Include="BVHRegistrySettings.h">
      <Filter>Header Files</Filter>
    </ClInclude>
    <ClInclude Include="BVHTreeCtrl.h">
      <Filter>Header Files</Filter>
    </ClInclude>
    <ClInclude Include="bvhTweak.h">
      <Filter>Header Files</Filter>
    </ClInclude>
    <ClInclude Include="bvhTweakDlg.h">
      <Filter>Header Files</Filter>
    </ClInclude>
    <ClInclude Include="BVHTweaker.h">
      <Filter>Header Files</Filter>
    </ClInclude>
    <ClInclude Include="common.h">
      <Filter>Header Files</Filter>
    </ClInclude>
    <ClInclude Include="EasySize.h">
      <Filter>Header Files</Filter>
    </ClInclude>
    <ClInclude Include="Math\Matrix2.h">
      <Filter>Header Files</Filter>
    </ClInclude>
    <ClInclude Include="Math\Matrix3.h">
      <Filter>Header Files</Filter>
    </ClInclude>
    <ClInclude Include="Math\MatrixN.h">
      <Filter>Header Files</Filter>
    </ClInclude>
    <ClInclude Include="NewJointDlg.h">
      <Filter>Header Files</Filter>
    </ClInclude>
    <ClInclude Include="NiceSlider.h">
      <Filter>Header Files</Filter>
    </ClInclude>
    <ClInclude Include="OpenGLControl.h">
      <Filter>Header Files</Filter>
    </ClInclude>
    <ClInclude Include="QCFile.h">
      <Filter>Header Files</Filter>
    </ClInclude>
    <ClInclude Include="Resource.h">
      <Filter>Header Files</Filter>
    </ClInclude>
    <ClInclude Include="stdafx.h">
      <Filter>Header Files</Filter>
    </ClInclude>
    <ClInclude Include="Math\Utility.h">
      <Filter>Header Files</Filter>
    </ClInclude>
    <ClInclude Include="vmath.h">
      <Filter>Header Files</Filter>
    </ClInclude>
    <ClInclude Include="BVHFileDialog.h">
      <Filter>Header Files</Filter>
    </ClInclude>
    <ClInclude Include="BVHOptions.h">
      <Filter>Header Files</Filter>
    </ClInclude>
  </ItemGroup>
  <ItemGroup>
    <None Include="res\bvhTweak.ico">
      <Filter>Resource Files</Filter>
    </None>
    <None Include="res\bvhTweak.rc2">
      <Filter>Resource Files</Filter>
    </None>
    <None Include="res\BVHTweaker.ico">
      <Filter>Resource Files</Filter>
    </None>
    <None Include="res\BVHTweaker16.ico">
      <Filter>Resource Files</Filter>
    </None>
    <None Include="res\BVHTweaker32.ico">
      <Filter>Resource Files</Filter>
    </None>
    <None Include="res\Fwd_button.ico">
      <Filter>Resource Files</Filter>
    </None>
    <None Include="res\Pause_button.ico">
      <Filter>Resource Files</Filter>
    </None>
    <None Include="res\Play_button.ico">
      <Filter>Resource Files</Filter>
    </None>
    <None Include="res\Rev_button.ico">
      <Filter>Resource Files</Filter>
    </None>
    <None Include="res\Stop_button.ico">
      <Filter>Resource Files</Filter>
    </None>
    <None Include="ReadMe.txt" />
    <None Include="res\icon4.ico">
      <Filter>Resource Files</Filter>
    </None>
    <None Include="res\icon5.ico">
      <Filter>Resource Files</Filter>
    </None>
    <None Include="..\..\..\Users\Dave\Downloads\icon_2012 - Copy.ico">
      <Filter>Resource Files</Filter>
    </None>
  </ItemGroup>
  <ItemGroup>
    <ResourceCompile Include="bvhTweak.rc">
      <Filter>Resource Files</Filter>
    </ResourceCompile>
  </ItemGroup>
</Project>