
Microsoft Visual Studio Solution File, Format Version 9.00
# Visual Studio 2005
Project("{54435603-DBB4-11D2-8724-00A0C9A8B90C}") = "bvhacker", "bvhacker\bvhacker.vdproj", "{8E2518F1-6AD7-4512-997B-9D445BE45CAC}"
EndProject
Global
	GlobalSection(SolutionConfigurationPlatforms) = preSolution
		Debug|Default = Debug|Default
		Release|Default = Release|Default
		Description = bvh file previewing and editing tool
	EndGlobalSection
	GlobalSection(ProjectConfigurationPlatforms) = postSolution
		{8E2518F1-6AD7-4512-997B-9D445BE45CAC}.Debug|Default.ActiveCfg = Debug
		{8E2518F1-6AD7-4512-997B-9D445BE45CAC}.Debug|Default.Build.0 = Debug
		{8E2518F1-6AD7-4512-997B-9D445BE45CAC}.Release|Default.ActiveCfg = Release
		{8E2518F1-6AD7-4512-997B-9D445BE45CAC}.Release|Default.Build.0 = Release
	EndGlobalSection
	GlobalSection(SolutionProperties) = preSolution
		HideSolutionNode = FALSE
	EndGlobalSection
EndGlobal
